// !$*UTF8*$!
{
	archiveVersion = 1;
	classes = {
	};
	objectVersion = 50;
	objects = {

/* Begin PBXBuildFile section */
		83EDF2E32593953B00FE326F /* SocialLiteApp.swift in Sources */ = {isa = PBXBuildFile; fileRef = 83EDF2E22593953B00FE326F /* SocialLiteApp.swift */; };
		83EDF2E52593953B00FE326F /* ContentView.swift in Sources */ = {isa = PBXBuildFile; fileRef = 83EDF2E42593953B00FE326F /* ContentView.swift */; };
		83EDF2E72593953E00FE326F /* Assets.xcassets in Resources */ = {isa = PBXBuildFile; fileRef = 83EDF2E62593953E00FE326F /* Assets.xcassets */; };
		83EDF2EA2593953E00FE326F /* Preview Assets.xcassets in Resources */ = {isa = PBXBuildFile; fileRef = 83EDF2E92593953E00FE326F /* Preview Assets.xcassets */; };
		83EDF2EC2593953E00FE326F /* Persistence.swift in Sources */ = {isa = PBXBuildFile; fileRef = 83EDF2EB2593953E00FE326F /* Persistence.swift */; };
		83EDF2EF2593953E00FE326F /* SocialLite.xcdatamodeld in Sources */ = {isa = PBXBuildFile; fileRef = 83EDF2ED2593953E00FE326F /* SocialLite.xcdatamodeld */; };
		83EDF2F82593962600FE326F /* User.swift in Sources */ = {isa = PBXBuildFile; fileRef = 83EDF2F72593962600FE326F /* User.swift */; };
		83EDF2FB2593964100FE326F /* Friend.swift in Sources */ = {isa = PBXBuildFile; fileRef = 83EDF2FA2593964100FE326F /* Friend.swift */; };
		83EDF2FE2593AA5500FE326F /* UserDetailView.swift in Sources */ = {isa = PBXBuildFile; fileRef = 83EDF2FD2593AA5500FE326F /* UserDetailView.swift */; };
		83EDF31E2594F62800FE326F /* UserDefault+CoreDataClass.swift in Sources */ = {isa = PBXBuildFile; fileRef = 83EDF31A2594F62800FE326F /* UserDefault+CoreDataClass.swift */; };
		83EDF31F2594F62800FE326F /* UserDefault+CoreDataProperties.swift in Sources */ = {isa = PBXBuildFile; fileRef = 83EDF31B2594F62800FE326F /* UserDefault+CoreDataProperties.swift */; };
		83EDF3202594F62800FE326F /* FriendDefault+CoreDataClass.swift in Sources */ = {isa = PBXBuildFile; fileRef = 83EDF31C2594F62800FE326F /* FriendDefault+CoreDataClass.swift */; };
		83EDF3212594F62800FE326F /* FriendDefault+CoreDataProperties.swift in Sources */ = {isa = PBXBuildFile; fileRef = 83EDF31D2594F62800FE326F /* FriendDefault+CoreDataProperties.swift */; };
/* End PBXBuildFile section */

/* Begin PBXFileReference section */
		83EDF2DF2593953B00FE326F /* SocialLite.app */ = {isa = PBXFileReference; explicitFileType = wrapper.application; includeInIndex = 0; path = SocialLite.app; sourceTree = BUILT_PRODUCTS_DIR; };
		83EDF2E22593953B00FE326F /* SocialLiteApp.swift */ = {isa = PBXFileReference; lastKnownFileType = sourcecode.swift; path = SocialLiteApp.swift; sourceTree = "<group>"; };
		83EDF2E42593953B00FE326F /* ContentView.swift */ = {isa = PBXFileReference; lastKnownFileType = sourcecode.swift; path = ContentView.swift; sourceTree = "<group>"; };
		83EDF2E62593953E00FE326F /* Assets.xcassets */ = {isa = PBXFileReference; lastKnownFileType = folder.assetcatalog; path = Assets.xcassets; sourceTree = "<group>"; };
		83EDF2E92593953E00FE326F /* Preview Assets.xcassets */ = {isa = PBXFileReference; lastKnownFileType = folder.assetcatalog; path = "Preview Assets.xcassets"; sourceTree = "<group>"; };
		83EDF2EB2593953E00FE326F /* Persistence.swift */ = {isa = PBXFileReference; lastKnownFileType = sourcecode.swift; path = Persistence.swift; sourceTree = "<group>"; };
		83EDF2EE2593953E00FE326F /* SocialLite.xcdatamodel */ = {isa = PBXFileReference; lastKnownFileType = wrapper.xcdatamodel; path = SocialLite.xcdatamodel; sourceTree = "<group>"; };
		83EDF2F02593953E00FE326F /* Info.plist */ = {isa = PBXFileReference; lastKnownFileType = text.plist.xml; path = Info.plist; sourceTree = "<group>"; };
		83EDF2F72593962600FE326F /* User.swift */ = {isa = PBXFileReference; lastKnownFileType = sourcecode.swift; path = User.swift; sourceTree = "<group>"; };
		83EDF2FA2593964100FE326F /* Friend.swift */ = {isa = PBXFileReference; lastKnownFileType = sourcecode.swift; path = Friend.swift; sourceTree = "<group>"; };
		83EDF2FD2593AA5500FE326F /* UserDetailView.swift */ = {isa = PBXFileReference; lastKnownFileType = sourcecode.swift; path = UserDetailView.swift; sourceTree = "<group>"; };
		83EDF31A2594F62800FE326F /* UserDefault+CoreDataClass.swift */ = {isa = PBXFileReference; lastKnownFileType = sourcecode.swift; path = "UserDefault+CoreDataClass.swift"; sourceTree = SOURCE_ROOT; };
		83EDF31B2594F62800FE326F /* UserDefault+CoreDataProperties.swift */ = {isa = PBXFileReference; lastKnownFileType = sourcecode.swift; path = "UserDefault+CoreDataProperties.swift"; sourceTree = SOURCE_ROOT; };
		83EDF31C2594F62800FE326F /* FriendDefault+CoreDataClass.swift */ = {isa = PBXFileReference; lastKnownFileType = sourcecode.swift; path = "FriendDefault+CoreDataClass.swift"; sourceTree = SOURCE_ROOT; };
		83EDF31D2594F62800FE326F /* FriendDefault+CoreDataProperties.swift */ = {isa = PBXFileReference; lastKnownFileType = sourcecode.swift; path = "FriendDefault+CoreDataProperties.swift"; sourceTree = SOURCE_ROOT; };
/* End PBXFileReference section */

/* Begin PBXFrameworksBuildPhase section */
		83EDF2DC2593953B00FE326F /* Frameworks */ = {
			isa = PBXFrameworksBuildPhase;
			buildActionMask = 2147483647;
			files = (
			);
			runOnlyForDeploymentPostprocessing = 0;
		};
/* End PBXFrameworksBuildPhase section */

/* Begin PBXGroup section */
		83EDF2D62593953B00FE326F = {
			isa = PBXGroup;
			children = (
				83EDF2E12593953B00FE326F /* SocialLite */,
				83EDF2E02593953B00FE326F /* Products */,
			);
			sourceTree = "<group>";
		};
		83EDF2E02593953B00FE326F /* Products */ = {
			isa = PBXGroup;
			children = (
				83EDF2DF2593953B00FE326F /* SocialLite.app */,
			);
			name = Products;
			sourceTree = "<group>";
		};
		83EDF2E12593953B00FE326F /* SocialLite */ = {
			isa = PBXGroup;
			children = (
				83EDF31A2594F62800FE326F /* UserDefault+CoreDataClass.swift */,
				83EDF31B2594F62800FE326F /* UserDefault+CoreDataProperties.swift */,
				83EDF31C2594F62800FE326F /* FriendDefault+CoreDataClass.swift */,
				83EDF31D2594F62800FE326F /* FriendDefault+CoreDataProperties.swift */,
				83EDF2E22593953B00FE326F /* SocialLiteApp.swift */,
				83EDF2E42593953B00FE326F /* ContentView.swift */,
				83EDF2FD2593AA5500FE326F /* UserDetailView.swift */,
				83EDF2F72593962600FE326F /* User.swift */,
				83EDF2FA2593964100FE326F /* Friend.swift */,
				83EDF2E62593953E00FE326F /* Assets.xcassets */,
				83EDF2EB2593953E00FE326F /* Persistence.swift */,
				83EDF2F02593953E00FE326F /* Info.plist */,
				83EDF2ED2593953E00FE326F /* SocialLite.xcdatamodeld */,
				83EDF2E82593953E00FE326F /* Preview Content */,
			);
			path = SocialLite;
			sourceTree = "<group>";
		};
		83EDF2E82593953E00FE326F /* Preview Content */ = {
			isa = PBXGroup;
			children = (
				83EDF2E92593953E00FE326F /* Preview Assets.xcassets */,
			);
			path = "Preview Content";
			sourceTree = "<group>";
		};
/* End PBXGroup section */

/* Begin PBXNativeTarget section */
		83EDF2DE2593953B00FE326F /* SocialLite */ = {
			isa = PBXNativeTarget;
			buildConfigurationList = 83EDF2F32593953E00FE326F /* Build configuration list for PBXNativeTarget "SocialLite" */;
			buildPhases = (
				83EDF2DB2593953B00FE326F /* Sources */,
				83EDF2DC2593953B00FE326F /* Frameworks */,
				83EDF2DD2593953B00FE326F /* Resources */,
			);
			buildRules = (
			);
			dependencies = (
			);
			name = SocialLite;
			productName = SocialLite;
			productReference = 83EDF2DF2593953B00FE326F /* SocialLite.app */;
			productType = "com.apple.product-type.application";
		};
/* End PBXNativeTarget section */

/* Begin PBXProject section */
		83EDF2D72593953B00FE326F /* Project object */ = {
			isa = PBXProject;
			attributes = {
				LastSwiftUpdateCheck = 1210;
				LastUpgradeCheck = 1210;
				TargetAttributes = {
					83EDF2DE2593953B00FE326F = {
						CreatedOnToolsVersion = 12.1.1;
					};
				};
			};
			buildConfigurationList = 83EDF2DA2593953B00FE326F /* Build configuration list for PBXProject "SocialLite" */;
			compatibilityVersion = "Xcode 9.3";
			developmentRegion = en;
			hasScannedForEncodings = 0;
			knownRegions = (
				en,
				Base,
			);
			mainGroup = 83EDF2D62593953B00FE326F;
			productRefGroup = 83EDF2E02593953B00FE326F /* Products */;
			projectDirPath = "";
			projectRoot = "";
			targets = (
				83EDF2DE2593953B00FE326F /* SocialLite */,
			);
		};
/* End PBXProject section */

/* Begin PBXResourcesBuildPhase section */
		83EDF2DD2593953B00FE326F /* Resources */ = {
			isa = PBXResourcesBuildPhase;
			buildActionMask = 2147483647;
			files = (
				83EDF2EA2593953E00FE326F /* Preview Assets.xcassets in Resources */,
				83EDF2E72593953E00FE326F /* Assets.xcassets in Resources */,
			);
			runOnlyForDeploymentPostprocessing = 0;
		};
/* End PBXResourcesBuildPhase section */

/* Begin PBXSourcesBuildPhase section */
		83EDF2DB2593953B00FE326F /* Sources */ = {
			isa = PBXSourcesBuildPhase;
			buildActionMask = 2147483647;
			files = (
				83EDF2EF2593953E00FE326F /* SocialLite.xcdatamodeld in Sources */,
				83EDF3202594F62800FE326F /* FriendDefault+CoreDataClass.swift in Sources */,
				83EDF31F2594F62800FE326F /* UserDefault+CoreDataProperties.swift in Sources */,
				83EDF2EC2593953E00FE326F /* Persistence.swift in Sources */,
				83EDF31E2594F62800FE326F /* UserDefault+CoreDataClass.swift in Sources */,
				83EDF2E52593953B00FE326F /* ContentView.swift in Sources */,
				83EDF2FB2593964100FE326F /* Friend.swift in Sources */,
				83EDF2FE2593AA5500FE326F /* UserDetailView.swift in Sources */,
				83EDF3212594F62800FE326F /* FriendDefault+CoreDataProperties.swift in Sources */,
				83EDF2F82593962600FE326F /* User.swift in Sources */,
				83EDF2E32593953B00FE326F /* SocialLiteApp.swift in Sources */,
			);
			runOnlyForDeploymentPostprocessing = 0;
		};
/* End PBXSourcesBuildPhase section */

/* Begin XCBuildConfiguration section */
		83EDF2F12593953E00FE326F /* Debug */ = {
			isa = XCBuildConfiguration;
			buildSettings = {
				ALWAYS_SEARCH_USER_PATHS = NO;
				CLANG_ANALYZER_NONNULL = YES;
				CLANG_ANALYZER_NUMBER_OBJECT_CONVERSION = YES_AGGRESSIVE;
				CLANG_CXX_LANGUAGE_STANDARD = "gnu++14";
				CLANG_CXX_LIBRARY = "libc++";
				CLANG_ENABLE_MODULES = YES;
				CLANG_ENABLE_OBJC_ARC = YES;
				CLANG_ENABLE_OBJC_WEAK = YES;
				CLANG_WARN_BLOCK_CAPTURE_AUTORELEASING = YES;
				CLANG_WARN_BOOL_CONVERSION = YES;
				CLANG_WARN_COMMA = YES;
				CLANG_WARN_CONSTANT_CONVERSION = YES;
				CLANG_WARN_DEPRECATED_OBJC_IMPLEMENTATIONS = YES;
				CLANG_WARN_DIRECT_OBJC_ISA_USAGE = YES_ERROR;
				CLANG_WARN_DOCUMENTATION_COMMENTS = YES;
				CLANG_WARN_EMPTY_BODY = YES;
				CLANG_WARN_ENUM_CONVERSION = YES;
				CLANG_WARN_INFINITE_RECURSION = YES;
				CLANG_WARN_INT_CONVERSION = YES;
				CLANG_WARN_NON_LITERAL_NULL_CONVERSION = YES;
				CLANG_WARN_OBJC_IMPLICIT_RETAIN_SELF = YES;
				CLANG_WARN_OBJC_LITERAL_CONVERSION = YES;
				CLANG_WARN_OBJC_ROOT_CLASS = YES_ERROR;
				CLANG_WARN_QUOTED_INCLUDE_IN_FRAMEWORK_HEADER = YES;
				CLANG_WARN_RANGE_LOOP_ANALYSIS = YES;
				CLANG_WARN_STRICT_PROTOTYPES = YES;
				CLANG_WARN_SUSPICIOUS_MOVE = YES;
				CLANG_WARN_UNGUARDED_AVAILABILITY = YES_AGGRESSIVE;
				CLANG_WARN_UNREACHABLE_CODE = YES;
				CLANG_WARN__DUPLICATE_METHOD_MATCH = YES;
				COPY_PHASE_STRIP = NO;
				DEBUG_INFORMATION_FORMAT = dwarf;
				ENABLE_STRICT_OBJC_MSGSEND = YES;
				ENABLE_TESTABILITY = YES;
				GCC_C_LANGUAGE_STANDARD = gnu11;
				GCC_DYNAMIC_NO_PIC = NO;
				GCC_NO_COMMON_BLOCKS = YES;
				GCC_OPTIMIZATION_LEVEL = 0;
				GCC_PREPROCESSOR_DEFINITIONS = (
					"DEBUG=1",
					"$(inherited)",
				);
				GCC_WARN_64_TO_32_BIT_CONVERSION = YES;
				GCC_WARN_ABOUT_RETURN_TYPE = YES_ERROR;
				GCC_WARN_UNDECLARED_SELECTOR = YES;
				GCC_WARN_UNINITIALIZED_AUTOS = YES_AGGRESSIVE;
				GCC_WARN_UNUSED_FUNCTION = YES;
				GCC_WARN_UNUSED_VARIABLE = YES;
				IPHONEOS_DEPLOYMENT_TARGET = 14.2;
				MTL_ENABLE_DEBUG_INFO = INCLUDE_SOURCE;
				MTL_FAST_MATH = YES;
				ONLY_ACTIVE_ARCH = YES;
				SDKROOT = iphoneos;
				SWIFT_ACTIVE_COMPILATION_CONDITIONS = DEBUG;
				SWIFT_OPTIMIZATION_LEVEL = "-Onone";
			};
			name = Debug;
		};
		83EDF2F22593953E00FE326F /* Release */ = {
			isa = XCBuildConfiguration;
			buildSettings = {
				ALWAYS_SEARCH_USER_PATHS = NO;
				CLANG_ANALYZER_NONNULL = YES;
				CLANG_ANALYZER_NUMBER_OBJECT_CONVERSION = YES_AGGRESSIVE;
				CLANG_CXX_LANGUAGE_STANDARD = "gnu++14";
				CLANG_CXX_LIBRARY = "libc++";
				CLANG_ENABLE_MODULES = YES;
				CLANG_ENABLE_OBJC_ARC = YES;
				CLANG_ENABLE_OBJC_WEAK = YES;
				CLANG_WARN_BLOCK_CAPTURE_AUTORELEASING = YES;
				CLANG_WARN_BOOL_CONVERSION = YES;
				CLANG_WARN_COMMA = YES;
				CLANG_WARN_CONSTANT_CONVERSION = YES;
				CLANG_WARN_DEPRECATED_OBJC_IMPLEMENTATIONS = YES;
				CLANG_WARN_DIRECT_OBJC_ISA_USAGE = YES_ERROR;
				CLANG_WARN_DOCUMENTATION_COMMENTS = YES;
				CLANG_WARN_EMPTY_BODY = YES;
				CLANG_WARN_ENUM_CONVERSION = YES;
				CLANG_WARN_INFINITE_RECURSION = YES;
				CLANG_WARN_INT_CONVERSION = YES;
				CLANG_WARN_NON_LITERAL_NULL_CONVERSION = YES;
				CLANG_WARN_OBJC_IMPLICIT_RETAIN_SELF = YES;
				CLANG_WARN_OBJC_LITERAL_CONVERSION = YES;
				CLANG_WARN_OBJC_ROOT_CLASS = YES_ERROR;
				CLANG_WARN_QUOTED_INCLUDE_IN_FRAMEWORK_HEADER = YES;
				CLANG_WARN_RANGE_LOOP_ANALYSIS = YES;
				CLANG_WARN_STRICT_PROTOTYPES = YES;
				CLANG_WARN_SUSPICIOUS_MOVE = YES;
				CLANG_WARN_UNGUARDED_AVAILABILITY = YES_AGGRESSIVE;
				CLANG_WARN_UNREACHABLE_CODE = YES;
				CLANG_WARN__DUPLICATE_METHOD_MATCH = YES;
				COPY_PHASE_STRIP = NO;
				DEBUG_INFORMATION_FORMAT = "dwarf-with-dsym";
				ENABLE_NS_ASSERTIONS = NO;
				ENABLE_STRICT_OBJC_MSGSEND = YES;
				GCC_C_LANGUAGE_STANDARD = gnu11;
				GCC_NO_COMMON_BLOCKS = YES;
				GCC_WARN_64_TO_32_BIT_CONVERSION = YES;
				GCC_WARN_ABOUT_RETURN_TYPE = YES_ERROR;
				GCC_WARN_UNDECLARED_SELECTOR = YES;
				GCC_WARN_UNINITIALIZED_AUTOS = YES_AGGRESSIVE;
				GCC_WARN_UNUSED_FUNCTION = YES;
				GCC_WARN_UNUSED_VARIABLE = YES;
				IPHONEOS_DEPLOYMENT_TARGET = 14.2;
				MTL_ENABLE_DEBUG_INFO = NO;
				MTL_FAST_MATH = YES;
				SDKROOT = iphoneos;
				SWIFT_COMPILATION_MODE = wholemodule;
				SWIFT_OPTIMIZATION_LEVEL = "-O";
				VALIDATE_PRODUCT = YES;
			};
			name = Release;
		};
		83EDF2F42593953E00FE326F /* Debug */ = {
			isa = XCBuildConfiguration;
			buildSettings = {
				ASSETCATALOG_COMPILER_APPICON_NAME = AppIcon;
				ASSETCATALOG_COMPILER_GLOBAL_ACCENT_COLOR_NAME = AccentColor;
				CODE_SIGN_STYLE = Automatic;
				DEVELOPMENT_ASSET_PATHS = "\"SocialLite/Preview Content\"";
				DEVELOPMENT_TEAM = 794JYC8SNK;
				ENABLE_PREVIEWS = YES;
				INFOPLIST_FILE = SocialLite/Info.plist;
				IPHONEOS_DEPLOYMENT_TARGET = 14.0;
				LD_RUNPATH_SEARCH_PATHS = (
					"$(inherited)",
					"@executable_path/Frameworks",
				);
				PRODUCT_BUNDLE_IDENTIFIER = com.hackingwithswift.SocialLite;
				PRODUCT_NAME = "$(TARGET_NAME)";
				SWIFT_VERSION = 5.0;
				TARGETED_DEVICE_FAMILY = "1,2";
			};
			name = Debug;
		};
		83EDF2F52593953E00FE326F /* Release */ = {
			isa = XCBuildConfiguration;
			buildSettings = {
				ASSETCATALOG_COMPILER_APPICON_NAME = AppIcon;
				ASSETCATALOG_COMPILER_GLOBAL_ACCENT_COLOR_NAME = AccentColor;
				CODE_SIGN_STYLE = Automatic;
				DEVELOPMENT_ASSET_PATHS = "\"SocialLite/Preview Content\"";
				DEVELOPMENT_TEAM = 794JYC8SNK;
				ENABLE_PREVIEWS = YES;
				INFOPLIST_FILE = SocialLite/Info.plist;
				IPHONEOS_DEPLOYMENT_TARGET = 14.0;
				LD_RUNPATH_SEARCH_PATHS = (
					"$(inherited)",
					"@executable_path/Frameworks",
				);
				PRODUCT_BUNDLE_IDENTIFIER = com.hackingwithswift.SocialLite;
				PRODUCT_NAME = "$(TARGET_NAME)";
				SWIFT_VERSION = 5.0;
				TARGETED_DEVICE_FAMILY = "1,2";
			};
			name = Release;
		};
/* End XCBuildConfiguration section */

/* Begin XCConfigurationList section */
		83EDF2DA2593953B00FE326F /* Build configuration list for PBXProject "SocialLite" */ = {
			isa = XCConfigurationList;
			buildConfigurations = (
				83EDF2F12593953E00FE326F /* Debug */,
				83EDF2F22593953E00FE326F /* Release */,
			);
			defaultConfigurationIsVisible = 0;
			defaultConfigurationName = Release;
		};
		83EDF2F32593953E00FE326F /* Build configuration list for PBXNativeTarget "SocialLite" */ = {
			isa = XCConfigurationList;
			buildConfigurations = (
				83EDF2F42593953E00FE326F /* Debug */,
				83EDF2F52593953E00FE326F /* Release */,
			);
			defaultConfigurationIsVisible = 0;
			defaultConfigurationName = Release;
		};
/* End XCConfigurationList section */

/* Begin XCVersionGroup section */
		83EDF2ED2593953E00FE326F /* SocialLite.xcdatamodeld */ = {
			isa = XCVersionGroup;
			children = (
				83EDF2EE2593953E00FE326F /* SocialLite.xcdatamodel */,
			);
			currentVersion = 83EDF2EE2593953E00FE326F /* SocialLite.xcdatamodel */;
			path = SocialLite.xcdatamodeld;
			sourceTree = "<group>";
			versionGroupType = wrapper.xcdatamodel;
		};
/* End XCVersionGroup section */
	};
	rootObject = 83EDF2D72593953B00FE326F /* Project object */;
}
